<?xml version="1.0" encoding="utf-8"?>
<Project ToolsVersion="4.0" xmlns="http://schemas.microsoft.com/developer/msbuild/2003">
  <ItemGroup>
    <ClCompile Include="main.cpp" />
    <ClCompile Include="Debug.cpp">
      <Filter>Moteur</Filter>
    </ClCompile>
    <ClCompile Include="Entity.cpp">
      <Filter>Moteur</Filter>
    </ClCompile>
    <ClCompile Include="GameManager.cpp">
      <Filter>Moteur</Filter>
    </ClCompile>
    <ClCompile Include="Scene.cpp">
      <Filter>Moteur</Filter>
    </ClCompile>
    <ClCompile Include="Utils.cpp">
      <Filter>Moteur</Filter>
    </ClCompile>
    <ClCompile Include="Ball.cpp">
      <Filter>ProjetIA</Filter>
    </ClCompile>
    <ClCompile Include="Field.cpp">
      <Filter>ProjetIA</Filter>
    </ClCompile>
    <ClCompile Include="RugbyMan.cpp">
      <Filter>ProjetIA</Filter>
    </ClCompile>
    <ClCompile Include="RugbyManAction.cpp">
      <Filter>ProjetIA</Filter>
    </ClCompile>
    <ClCompile Include="RugbyManCondition.cpp">
      <Filter>ProjetIA</Filter>
    </ClCompile>
    <ClCompile Include="SampleScene.cpp">
      <Filter>Test</Filter>
    </ClCompile>
    <ClCompile Include="DummyEntity.cpp">
      <Filter>Test</Filter>
    </ClCompile>
    <ClCompile Include="Transition.cpp">
      <Filter>StateMachine</Filter>
    </ClCompile>
    <ClCompile Include="StateMachine.cpp">
      <Filter>StateMachine</Filter>
    </ClCompile>
    <ClCompile Include="RugbyDebug.cpp">
      <Filter>ProjetIA</Filter>
    </ClCompile>
  </ItemGroup>
  <ItemGroup>
    <ClInclude Include="Behaviour.h">
      <Filter>Moteur</Filter>
    </ClInclude>
    <ClInclude Include="Debug.h">
      <Filter>Moteur</Filter>
    </ClInclude>
    <ClInclude Include="Entity.h">
      <Filter>Moteur</Filter>
    </ClInclude>
    <ClInclude Include="GameManager.h">
      <Filter>Moteur</Filter>
    </ClInclude>
    <ClInclude Include="Resources.h">
      <Filter>Moteur</Filter>
    </ClInclude>
    <ClInclude Include="Scene.h">
      <Filter>Moteur</Filter>
    </ClInclude>
    <ClInclude Include="Utils.h">
      <Filter>Moteur</Filter>
    </ClInclude>
    <ClInclude Include="Ball.h">
      <Filter>ProjetIA</Filter>
    </ClInclude>
    <ClInclude Include="Field.h">
      <Filter>ProjetIA</Filter>
    </ClInclude>
    <ClInclude Include="RugbyMan.h">
      <Filter>ProjetIA</Filter>
    </ClInclude>
    <ClInclude Include="RugbyManAction.h">
      <Filter>ProjetIA</Filter>
    </ClInclude>
    <ClInclude Include="RugbyManCondition.h">
      <Filter>ProjetIA</Filter>
    </ClInclude>
    <ClInclude Include="SampleScene.h">
      <Filter>Test</Filter>
    </ClInclude>
    <ClInclude Include="DummyEntity.h">
      <Filter>Test</Filter>
    </ClInclude>
    <ClInclude Include="Transition.h">
      <Filter>StateMachine</Filter>
    </ClInclude>
    <ClInclude Include="StateMachine.h">
      <Filter>StateMachine</Filter>
    </ClInclude>
    <ClInclude Include="RugbyDebug.h">
      <Filter>ProjetIA</Filter>
    </ClInclude>
    <ClInclude Include="Condition.h">
      <Filter>StateMachine</Filter>
    </ClInclude>
    <ClInclude Include="Action.h">
      <Filter>StateMachine</Filter>
    </ClInclude>
  </ItemGroup>
  <ItemGroup>
    <None Include="Behaviour.inl">
      <Filter>Moteur</Filter>
    </None>
    <None Include="Entity.inl">
      <Filter>Moteur</Filter>
    </None>
    <None Include="GameManager.inl">
      <Filter>Moteur</Filter>
    </None>
    <None Include="Scene.inl">
      <Filter>Moteur</Filter>
    </None>
    <None Include="Transition.inl">
      <Filter>StateMachine</Filter>
    </None>
    <None Include="StateMachine.inl">
      <Filter>StateMachine</Filter>
    </None>
    <None Include="Condition.inl">
      <Filter>StateMachine</Filter>
    </None>
  </ItemGroup>
  <ItemGroup>
    <Filter Include="Moteur">
      <UniqueIdentifier>{10f8d693-8dbd-4e11-b2f1-21f3c1d534d5}</UniqueIdentifier>
    </Filter>
    <Filter Include="ProjetIA">
      <UniqueIdentifier>{b9eeec8a-71b5-423a-86af-3f8a6339c57f}</UniqueIdentifier>
    </Filter>
    <Filter Include="Test">
      <UniqueIdentifier>{082b6deb-85f9-449b-8ef8-14e80c8036e8}</UniqueIdentifier>
    </Filter>
    <Filter Include="StateMachine">
      <UniqueIdentifier>{743eaf25-4759-4c68-8795-c20fd81dbb61}</UniqueIdentifier>
    </Filter>
  </ItemGroup>
</Project>