<?xml version="1.0" encoding="utf-8"?>
<Project ToolsVersion="4.0" xmlns="http://schemas.microsoft.com/developer/msbuild/2003">
  <ItemGroup>
    <Filter Include="Engine">
      <UniqueIdentifier>{a8d0131e-eb50-44ac-848b-7a821ba71b21}</UniqueIdentifier>
    </Filter>
    <Filter Include="Sample">
      <UniqueIdentifier>{656b759f-efb2-4f59-b546-0dd585a90074}</UniqueIdentifier>
    </Filter>
    <Filter Include="ProjetIA">
      <UniqueIdentifier>{8be7740b-d453-4d2e-8fb2-fa981c05d5ea}</UniqueIdentifier>
    </Filter>
    <Filter Include="ProjetIA\StateMachine">
      <UniqueIdentifier>{0eeeed02-1806-4eef-9484-545e85d1c786}</UniqueIdentifier>
    </Filter>
  </ItemGroup>
  <ItemGroup>
    <ClCompile Include="Entity.cpp">
      <Filter>Engine</Filter>
    </ClCompile>
    <ClCompile Include="GameManager.cpp">
      <Filter>Engine</Filter>
    </ClCompile>
    <ClCompile Include="Utils.cpp">
      <Filter>Engine</Filter>
    </ClCompile>
    <ClCompile Include="main.cpp" />
    <ClCompile Include="Debug.cpp">
      <Filter>Engine</Filter>
    </ClCompile>
    <ClCompile Include="Scene.cpp">
      <Filter>Engine</Filter>
    </ClCompile>
    <ClCompile Include="DummyEntity.cpp">
      <Filter>Sample</Filter>
    </ClCompile>
    <ClCompile Include="SampleScene.cpp">
      <Filter>Sample</Filter>
    </ClCompile>
    <ClCompile Include="RugbyMan.cpp">
      <Filter>ProjetIA</Filter>
    </ClCompile>
    <ClCompile Include="Ball.cpp">
      <Filter>ProjetIA</Filter>
    </ClCompile>
    <ClCompile Include="Field.cpp">
      <Filter>ProjetIA</Filter>
    </ClCompile>
    <ClCompile Include="Transition.cpp">
      <Filter>ProjetIA\StateMachine</Filter>
    </ClCompile>
    <ClCompile Include="StateMachine.cpp">
      <Filter>ProjetIA\StateMachine</Filter>
    </ClCompile>
    <ClCompile Include="RugbyManAction.cpp">
      <Filter>ProjetIA</Filter>
    </ClCompile>
    <ClCompile Include="RugbyManCondition.cpp">
      <Filter>ProjetIA</Filter>
    </ClCompile>
  </ItemGroup>
  <ItemGroup>
    <ClInclude Include="Entity.h">
      <Filter>Engine</Filter>
    </ClInclude>
    <ClInclude Include="GameManager.h">
      <Filter>Engine</Filter>
    </ClInclude>
    <ClInclude Include="Utils.h">
      <Filter>Engine</Filter>
    </ClInclude>
    <ClInclude Include="Debug.h">
      <Filter>Engine</Filter>
    </ClInclude>
    <ClInclude Include="Scene.h">
      <Filter>Engine</Filter>
    </ClInclude>
    <ClInclude Include="DummyEntity.h">
      <Filter>Sample</Filter>
    </ClInclude>
    <ClInclude Include="SampleScene.h">
      <Filter>Sample</Filter>
    </ClInclude>
    <ClInclude Include="RugbyMan.h">
      <Filter>ProjetIA</Filter>
    </ClInclude>
    <ClInclude Include="Ball.h">
      <Filter>ProjetIA</Filter>
    </ClInclude>
    <ClInclude Include="Field.h">
      <Filter>ProjetIA</Filter>
    </ClInclude>
    <ClInclude Include="Condition.h">
      <Filter>ProjetIA\StateMachine</Filter>
    </ClInclude>
    <ClInclude Include="Transition.h">
      <Filter>ProjetIA\StateMachine</Filter>
    </ClInclude>
    <ClInclude Include="StateMachine.h">
      <Filter>ProjetIA\StateMachine</Filter>
    </ClInclude>
    <ClInclude Include="Behaviour.h">
      <Filter>ProjetIA\StateMachine</Filter>
    </ClInclude>
    <ClInclude Include="Action.h">
      <Filter>ProjetIA\StateMachine</Filter>
    </ClInclude>
    <ClInclude Include="Resources.h">
    <ClInclude Include="RugbyManCondition.h">
      <Filter>ProjetIA</Filter>
    </ClInclude>
    <ClInclude Include="RugbyManAction.h">
      <Filter>ProjetIA</Filter>
    </ClInclude>
  </ItemGroup>
  <ItemGroup>
    <None Include="Scene.inl">
      <Filter>Engine</Filter>
    </None>
    <None Include="GameManager.inl">
      <Filter>Engine</Filter>
    </None>
    <None Include="Entity.inl">
      <Filter>Engine</Filter>
    </None>
    <None Include="Condition.inl">
      <Filter>ProjetIA\StateMachine</Filter>
    </None>
    <None Include="Transition.inl">
      <Filter>ProjetIA\StateMachine</Filter>
    </None>
    <None Include="StateMachine.inl">
      <Filter>ProjetIA\StateMachine</Filter>
    </None>
    <None Include="Behaviour.inl">
      <Filter>ProjetIA\StateMachine</Filter>
    </None>
  </ItemGroup>
</Project>